// !$*UTF8*$!
{
	archiveVersion = 1;
	classes = {
	};
	objectVersion = 50;
	objects = {

/* Begin PBXBuildFile section */
		AD8DECB62267753A00822535 /* AppDelegate.m in Sources */ = {isa = PBXBuildFile; fileRef = AD8DECB52267753A00822535 /* AppDelegate.m */; };
		AD8DECB92267753A00822535 /* ViewController.m in Sources */ = {isa = PBXBuildFile; fileRef = AD8DECB82267753A00822535 /* ViewController.m */; };
		AD8DECBC2267753A00822535 /* Main.storyboard in Resources */ = {isa = PBXBuildFile; fileRef = AD8DECBA2267753A00822535 /* Main.storyboard */; };
		AD8DECBE2267753C00822535 /* Assets.xcassets in Resources */ = {isa = PBXBuildFile; fileRef = AD8DECBD2267753C00822535 /* Assets.xcassets */; };
		AD8DECC12267753C00822535 /* LaunchScreen.storyboard in Resources */ = {isa = PBXBuildFile; fileRef = AD8DECBF2267753C00822535 /* LaunchScreen.storyboard */; };
		AD8DECC42267753C00822535 /* main.m in Sources */ = {isa = PBXBuildFile; fileRef = AD8DECC32267753C00822535 /* main.m */; };
		AD8DECCE2267753C00822535 /* HMAlertViewTests.m in Sources */ = {isa = PBXBuildFile; fileRef = AD8DECCD2267753C00822535 /* HMAlertViewTests.m */; };
		AD8DECD92267753C00822535 /* HMAlertViewUITests.m in Sources */ = {isa = PBXBuildFile; fileRef = AD8DECD82267753C00822535 /* HMAlertViewUITests.m */; };
/* End PBXBuildFile section */

/* Begin PBXContainerItemProxy section */
		AD8DECCA2267753C00822535 /* PBXContainerItemProxy */ = {
			isa = PBXContainerItemProxy;
			containerPortal = AD8DECA92267753A00822535 /* Project object */;
			proxyType = 1;
			remoteGlobalIDString = AD8DECB02267753A00822535;
			remoteInfo = HMAlertView;
		};
		AD8DECD52267753C00822535 /* PBXContainerItemProxy */ = {
			isa = PBXContainerItemProxy;
			containerPortal = AD8DECA92267753A00822535 /* Project object */;
			proxyType = 1;
			remoteGlobalIDString = AD8DECB02267753A00822535;
			remoteInfo = HMAlertView;
		};
/* End PBXContainerItemProxy section */

/* Begin PBXFileReference section */
		AD8DECB12267753A00822535 /* HMAlertView.app */ = {isa = PBXFileReference; explicitFileType = wrapper.application; includeInIndex = 0; path = HMAlertView.app; sourceTree = BUILT_PRODUCTS_DIR; };
		AD8DECB42267753A00822535 /* AppDelegate.h */ = {isa = PBXFileReference; lastKnownFileType = sourcecode.c.h; path = AppDelegate.h; sourceTree = "<group>"; };
		AD8DECB52267753A00822535 /* AppDelegate.m */ = {isa = PBXFileReference; lastKnownFileType = sourcecode.c.objc; path = AppDelegate.m; sourceTree = "<group>"; };
		AD8DECB72267753A00822535 /* ViewController.h */ = {isa = PBXFileReference; lastKnownFileType = sourcecode.c.h; path = ViewController.h; sourceTree = "<group>"; };
		AD8DECB82267753A00822535 /* ViewController.m */ = {isa = PBXFileReference; lastKnownFileType = sourcecode.c.objc; path = ViewController.m; sourceTree = "<group>"; };
		AD8DECBB2267753A00822535 /* Base */ = {isa = PBXFileReference; lastKnownFileType = file.storyboard; name = Base; path = Base.lproj/Main.storyboard; sourceTree = "<group>"; };
		AD8DECBD2267753C00822535 /* Assets.xcassets */ = {isa = PBXFileReference; lastKnownFileType = folder.assetcatalog; path = Assets.xcassets; sourceTree = "<group>"; };
		AD8DECC02267753C00822535 /* Base */ = {isa = PBXFileReference; lastKnownFileType = file.storyboard; name = Base; path = Base.lproj/LaunchScreen.storyboard; sourceTree = "<group>"; };
		AD8DECC22267753C00822535 /* Info.plist */ = {isa = PBXFileReference; lastKnownFileType = text.plist.xml; path = Info.plist; sourceTree = "<group>"; };
		AD8DECC32267753C00822535 /* main.m */ = {isa = PBXFileReference; lastKnownFileType = sourcecode.c.objc; path = main.m; sourceTree = "<group>"; };
		AD8DECC92267753C00822535 /* HMAlertViewTests.xctest */ = {isa = PBXFileReference; explicitFileType = wrapper.cfbundle; includeInIndex = 0; path = HMAlertViewTests.xctest; sourceTree = BUILT_PRODUCTS_DIR; };
		AD8DECCD2267753C00822535 /* HMAlertViewTests.m */ = {isa = PBXFileReference; lastKnownFileType = sourcecode.c.objc; path = HMAlertViewTests.m; sourceTree = "<group>"; };
		AD8DECCF2267753C00822535 /* Info.plist */ = {isa = PBXFileReference; lastKnownFileType = text.plist.xml; path = Info.plist; sourceTree = "<group>"; };
		AD8DECD42267753C00822535 /* HMAlertViewUITests.xctest */ = {isa = PBXFileReference; explicitFileType = wrapper.cfbundle; includeInIndex = 0; path = HMAlertViewUITests.xctest; sourceTree = BUILT_PRODUCTS_DIR; };
		AD8DECD82267753C00822535 /* HMAlertViewUITests.m */ = {isa = PBXFileReference; lastKnownFileType = sourcecode.c.objc; path = HMAlertViewUITests.m; sourceTree = "<group>"; };
		AD8DECDA2267753C00822535 /* Info.plist */ = {isa = PBXFileReference; lastKnownFileType = text.plist.xml; path = Info.plist; sourceTree = "<group>"; };
/* End PBXFileReference section */

/* Begin PBXFrameworksBuildPhase section */
		AD8DECAE2267753A00822535 /* Frameworks */ = {
			isa = PBXFrameworksBuildPhase;
			buildActionMask = 2147483647;
			files = (
			);
			runOnlyForDeploymentPostprocessing = 0;
		};
		AD8DECC62267753C00822535 /* Frameworks */ = {
			isa = PBXFrameworksBuildPhase;
			buildActionMask = 2147483647;
			files = (
			);
			runOnlyForDeploymentPostprocessing = 0;
		};
		AD8DECD12267753C00822535 /* Frameworks */ = {
			isa = PBXFrameworksBuildPhase;
			buildActionMask = 2147483647;
			files = (
			);
			runOnlyForDeploymentPostprocessing = 0;
		};
/* End PBXFrameworksBuildPhase section */

/* Begin PBXGroup section */
		AD8DECA82267753A00822535 = {
			isa = PBXGroup;
			children = (
				AD8DECB32267753A00822535 /* HMAlertView */,
				AD8DECCC2267753C00822535 /* HMAlertViewTests */,
				AD8DECD72267753C00822535 /* HMAlertViewUITests */,
				AD8DECB22267753A00822535 /* Products */,
			);
			sourceTree = "<group>";
		};
		AD8DECB22267753A00822535 /* Products */ = {
			isa = PBXGroup;
			children = (
				AD8DECB12267753A00822535 /* HMAlertView.app */,
				AD8DECC92267753C00822535 /* HMAlertViewTests.xctest */,
				AD8DECD42267753C00822535 /* HMAlertViewUITests.xctest */,
			);
			name = Products;
			sourceTree = "<group>";
		};
		AD8DECB32267753A00822535 /* HMAlertView */ = {
			isa = PBXGroup;
			children = (
				AD8DECB42267753A00822535 /* AppDelegate.h */,
				AD8DECB52267753A00822535 /* AppDelegate.m */,
				AD8DECB72267753A00822535 /* ViewController.h */,
				AD8DECB82267753A00822535 /* ViewController.m */,
				AD8DECBA2267753A00822535 /* Main.storyboard */,
				AD8DECBD2267753C00822535 /* Assets.xcassets */,
				AD8DECBF2267753C00822535 /* LaunchScreen.storyboard */,
				AD8DECC22267753C00822535 /* Info.plist */,
				AD8DECC32267753C00822535 /* main.m */,
			);
			path = HMAlertView;
			sourceTree = "<group>";
		};
		AD8DECCC2267753C00822535 /* HMAlertViewTests */ = {
			isa = PBXGroup;
			children = (
				AD8DECCD2267753C00822535 /* HMAlertViewTests.m */,
				AD8DECCF2267753C00822535 /* Info.plist */,
			);
			path = HMAlertViewTests;
			sourceTree = "<group>";
		};
		AD8DECD72267753C00822535 /* HMAlertViewUITests */ = {
			isa = PBXGroup;
			children = (
				AD8DECD82267753C00822535 /* HMAlertViewUITests.m */,
				AD8DECDA2267753C00822535 /* Info.plist */,
			);
			path = HMAlertViewUITests;
			sourceTree = "<group>";
		};
/* End PBXGroup section */

/* Begin PBXNativeTarget section */
		AD8DECB02267753A00822535 /* HMAlertView */ = {
			isa = PBXNativeTarget;
			buildConfigurationList = AD8DECDD2267753C00822535 /* Build configuration list for PBXNativeTarget "HMAlertView" */;
			buildPhases = (
				AD8DECAD2267753A00822535 /* Sources */,
				AD8DECAE2267753A00822535 /* Frameworks */,
				AD8DECAF2267753A00822535 /* Resources */,
			);
			buildRules = (
			);
			dependencies = (
			);
			name = HMAlertView;
			productName = HMAlertView;
			productReference = AD8DECB12267753A00822535 /* HMAlertView.app */;
			productType = "com.apple.product-type.application";
		};
		AD8DECC82267753C00822535 /* HMAlertViewTests */ = {
			isa = PBXNativeTarget;
			buildConfigurationList = AD8DECE02267753C00822535 /* Build configuration list for PBXNativeTarget "HMAlertViewTests" */;
			buildPhases = (
				AD8DECC52267753C00822535 /* Sources */,
				AD8DECC62267753C00822535 /* Frameworks */,
				AD8DECC72267753C00822535 /* Resources */,
			);
			buildRules = (
			);
			dependencies = (
				AD8DECCB2267753C00822535 /* PBXTargetDependency */,
			);
			name = HMAlertViewTests;
			productName = HMAlertViewTests;
			productReference = AD8DECC92267753C00822535 /* HMAlertViewTests.xctest */;
			productType = "com.apple.product-type.bundle.unit-test";
		};
		AD8DECD32267753C00822535 /* HMAlertViewUITests */ = {
			isa = PBXNativeTarget;
			buildConfigurationList = AD8DECE32267753C00822535 /* Build configuration list for PBXNativeTarget "HMAlertViewUITests" */;
			buildPhases = (
				AD8DECD02267753C00822535 /* Sources */,
				AD8DECD12267753C00822535 /* Frameworks */,
				AD8DECD22267753C00822535 /* Resources */,
			);
			buildRules = (
			);
			dependencies = (
				AD8DECD62267753C00822535 /* PBXTargetDependency */,
			);
			name = HMAlertViewUITests;
			productName = HMAlertViewUITests;
			productReference = AD8DECD42267753C00822535 /* HMAlertViewUITests.xctest */;
			productType = "com.apple.product-type.bundle.ui-testing";
		};
/* End PBXNativeTarget section */

/* Begin PBXProject section */
		AD8DECA92267753A00822535 /* Project object */ = {
			isa = PBXProject;
			attributes = {
				LastUpgradeCheck = 0940;
				ORGANIZATIONNAME = "胡苗";
				TargetAttributes = {
					AD8DECB02267753A00822535 = {
						CreatedOnToolsVersion = 9.4.1;
					};
					AD8DECC82267753C00822535 = {
						CreatedOnToolsVersion = 9.4.1;
						TestTargetID = AD8DECB02267753A00822535;
					};
					AD8DECD32267753C00822535 = {
						CreatedOnToolsVersion = 9.4.1;
						TestTargetID = AD8DECB02267753A00822535;
					};
				};
			};
			buildConfigurationList = AD8DECAC2267753A00822535 /* Build configuration list for PBXProject "HMAlertView" */;
			compatibilityVersion = "Xcode 9.3";
			developmentRegion = en;
			hasScannedForEncodings = 0;
			knownRegions = (
				en,
				Base,
			);
			mainGroup = AD8DECA82267753A00822535;
			productRefGroup = AD8DECB22267753A00822535 /* Products */;
			projectDirPath = "";
			projectRoot = "";
			targets = (
				AD8DECB02267753A00822535 /* HMAlertView */,
				AD8DECC82267753C00822535 /* HMAlertViewTests */,
				AD8DECD32267753C00822535 /* HMAlertViewUITests */,
			);
		};
/* End PBXProject section */

/* Begin PBXResourcesBuildPhase section */
		AD8DECAF2267753A00822535 /* Resources */ = {
			isa = PBXResourcesBuildPhase;
			buildActionMask = 2147483647;
			files = (
				AD8DECC12267753C00822535 /* LaunchScreen.storyboard in Resources */,
				AD8DECBE2267753C00822535 /* Assets.xcassets in Resources */,
				AD8DECBC2267753A00822535 /* Main.storyboard in Resources */,
			);
			runOnlyForDeploymentPostprocessing = 0;
		};
		AD8DECC72267753C00822535 /* Resources */ = {
			isa = PBXResourcesBuildPhase;
			buildActionMask = 2147483647;
			files = (
			);
			runOnlyForDeploymentPostprocessing = 0;
		};
		AD8DECD22267753C00822535 /* Resources */ = {
			isa = PBXResourcesBuildPhase;
			buildActionMask = 2147483647;
			files = (
			);
			runOnlyForDeploymentPostprocessing = 0;
		};
/* End PBXResourcesBuildPhase section */

/* Begin PBXSourcesBuildPhase section */
		AD8DECAD2267753A00822535 /* Sources */ = {
			isa = PBXSourcesBuildPhase;
			buildActionMask = 2147483647;
			files = (
				AD8DECB92267753A00822535 /* ViewController.m in Sources */,
				AD8DECC42267753C00822535 /* main.m in Sources */,
				AD8DECB62267753A00822535 /* AppDelegate.m in Sources */,
			);
			runOnlyForDeploymentPostprocessing = 0;
		};
		AD8DECC52267753C00822535 /* Sources */ = {
			isa = PBXSourcesBuildPhase;
			buildActionMask = 2147483647;
			files = (
				AD8DECCE2267753C00822535 /* HMAlertViewTests.m in Sources */,
			);
			runOnlyForDeploymentPostprocessing = 0;
		};
		AD8DECD02267753C00822535 /* Sources */ = {
			isa = PBXSourcesBuildPhase;
			buildActionMask = 2147483647;
			files = (
				AD8DECD92267753C00822535 /* HMAlertViewUITests.m in Sources */,
			);
			runOnlyForDeploymentPostprocessing = 0;
		};
/* End PBXSourcesBuildPhase section */

/* Begin PBXTargetDependency section */
		AD8DECCB2267753C00822535 /* PBXTargetDependency */ = {
			isa = PBXTargetDependency;
			target = AD8DECB02267753A00822535 /* HMAlertView */;
			targetProxy = AD8DECCA2267753C00822535 /* PBXContainerItemProxy */;
		};
		AD8DECD62267753C00822535 /* PBXTargetDependency */ = {
			isa = PBXTargetDependency;
			target = AD8DECB02267753A00822535 /* HMAlertView */;
			targetProxy = AD8DECD52267753C00822535 /* PBXContainerItemProxy */;
		};
/* End PBXTargetDependency section */

/* Begin PBXVariantGroup section */
		AD8DECBA2267753A00822535 /* Main.storyboard */ = {
			isa = PBXVariantGroup;
			children = (
				AD8DECBB2267753A00822535 /* Base */,
			);
			name = Main.storyboard;
			sourceTree = "<group>";
		};
		AD8DECBF2267753C00822535 /* LaunchScreen.storyboard */ = {
			isa = PBXVariantGroup;
			children = (
				AD8DECC02267753C00822535 /* Base */,
			);
			name = LaunchScreen.storyboard;
			sourceTree = "<group>";
		};
/* End PBXVariantGroup section */

/* Begin XCBuildConfiguration section */
		AD8DECDB2267753C00822535 /* Debug */ = {
			isa = XCBuildConfiguration;
			buildSettings = {
				ALWAYS_SEARCH_USER_PATHS = NO;
				CLANG_ANALYZER_NONNULL = YES;
				CLANG_ANALYZER_NUMBER_OBJECT_CONVERSION = YES_AGGRESSIVE;
				CLANG_CXX_LANGUAGE_STANDARD = "gnu++14";
				CLANG_CXX_LIBRARY = "libc++";
				CLANG_ENABLE_MODULES = YES;
				CLANG_ENABLE_OBJC_ARC = YES;
				CLANG_ENABLE_OBJC_WEAK = YES;
				CLANG_WARN_BLOCK_CAPTURE_AUTORELEASING = YES;
				CLANG_WARN_BOOL_CONVERSION = YES;
				CLANG_WARN_COMMA = YES;
				CLANG_WARN_CONSTANT_CONVERSION = YES;
				CLANG_WARN_DEPRECATED_OBJC_IMPLEMENTATIONS = YES;
				CLANG_WARN_DIRECT_OBJC_ISA_USAGE = YES_ERROR;
				CLANG_WARN_DOCUMENTATION_COMMENTS = YES;
				CLANG_WARN_EMPTY_BODY = YES;
				CLANG_WARN_ENUM_CONVERSION = YES;
				CLANG_WARN_INFINITE_RECURSION = YES;
				CLANG_WARN_INT_CONVERSION = YES;
				CLANG_WARN_NON_LITERAL_NULL_CONVERSION = YES;
				CLANG_WARN_OBJC_IMPLICIT_RETAIN_SELF = YES;
				CLANG_WARN_OBJC_LITERAL_CONVERSION = YES;
				CLANG_WARN_OBJC_ROOT_CLASS = YES_ERROR;
				CLANG_WARN_RANGE_LOOP_ANALYSIS = YES;
				CLANG_WARN_STRICT_PROTOTYPES = YES;
				CLANG_WARN_SUSPICIOUS_MOVE = YES;
				CLANG_WARN_UNGUARDED_AVAILABILITY = YES_AGGRESSIVE;
				CLANG_WARN_UNREACHABLE_CODE = YES;
				CLANG_WARN__DUPLICATE_METHOD_MATCH = YES;
				CODE_SIGN_IDENTITY = "iPhone Developer";
				COPY_PHASE_STRIP = NO;
				DEBUG_INFORMATION_FORMAT = dwarf;
				ENABLE_STRICT_OBJC_MSGSEND = YES;
				ENABLE_TESTABILITY = YES;
				GCC_C_LANGUAGE_STANDARD = gnu11;
				GCC_DYNAMIC_NO_PIC = NO;
				GCC_NO_COMMON_BLOCKS = YES;
				GCC_OPTIMIZATION_LEVEL = 0;
				GCC_PREPROCESSOR_DEFINITIONS = (
					"DEBUG=1",
					"$(inherited)",
				);
				GCC_WARN_64_TO_32_BIT_CONVERSION = YES;
				GCC_WARN_ABOUT_RETURN_TYPE = YES_ERROR;
				GCC_WARN_UNDECLARED_SELECTOR = YES;
				GCC_WARN_UNINITIALIZED_AUTOS = YES_AGGRESSIVE;
				GCC_WARN_UNUSED_FUNCTION = YES;
				GCC_WARN_UNUSED_VARIABLE = YES;
				IPHONEOS_DEPLOYMENT_TARGET = 11.4;
				MTL_ENABLE_DEBUG_INFO = YES;
				ONLY_ACTIVE_ARCH = YES;
				SDKROOT = iphoneos;
			};
			name = Debug;
		};
		AD8DECDC2267753C00822535 /* Release */ = {
			isa = XCBuildConfiguration;
			buildSettings = {
				ALWAYS_SEARCH_USER_PATHS = NO;
				CLANG_ANALYZER_NONNULL = YES;
				CLANG_ANALYZER_NUMBER_OBJECT_CONVERSION = YES_AGGRESSIVE;
				CLANG_CXX_LANGUAGE_STANDARD = "gnu++14";
				CLANG_CXX_LIBRARY = "libc++";
				CLANG_ENABLE_MODULES = YES;
				CLANG_ENABLE_OBJC_ARC = YES;
				CLANG_ENABLE_OBJC_WEAK = YES;
				CLANG_WARN_BLOCK_CAPTURE_AUTORELEASING = YES;
				CLANG_WARN_BOOL_CONVERSION = YES;
				CLANG_WARN_COMMA = YES;
				CLANG_WARN_CONSTANT_CONVERSION = YES;
				CLANG_WARN_DEPRECATED_OBJC_IMPLEMENTATIONS = YES;
				CLANG_WARN_DIRECT_OBJC_ISA_USAGE = YES_ERROR;
				CLANG_WARN_DOCUMENTATION_COMMENTS = YES;
				CLANG_WARN_EMPTY_BODY = YES;
				CLANG_WARN_ENUM_CONVERSION = YES;
				CLANG_WARN_INFINITE_RECURSION = YES;
				CLANG_WARN_INT_CONVERSION = YES;
				CLANG_WARN_NON_LITERAL_NULL_CONVERSION = YES;
				CLANG_WARN_OBJC_IMPLICIT_RETAIN_SELF = YES;
				CLANG_WARN_OBJC_LITERAL_CONVERSION = YES;
				CLANG_WARN_OBJC_ROOT_CLASS = YES_ERROR;
				CLANG_WARN_RANGE_LOOP_ANALYSIS = YES;
				CLANG_WARN_STRICT_PROTOTYPES = YES;
				CLANG_WARN_SUSPICIOUS_MOVE = YES;
				CLANG_WARN_UNGUARDED_AVAILABILITY = YES_AGGRESSIVE;
				CLANG_WARN_UNREACHABLE_CODE = YES;
				CLANG_WARN__DUPLICATE_METHOD_MATCH = YES;
				CODE_SIGN_IDENTITY = "iPhone Developer";
				COPY_PHASE_STRIP = NO;
				DEBUG_INFORMATION_FORMAT = "dwarf-with-dsym";
				ENABLE_NS_ASSERTIONS = NO;
				ENABLE_STRICT_OBJC_MSGSEND = YES;
				GCC_C_LANGUAGE_STANDARD = gnu11;
				GCC_NO_COMMON_BLOCKS = YES;
				GCC_WARN_64_TO_32_BIT_CONVERSION = YES;
				GCC_WARN_ABOUT_RETURN_TYPE = YES_ERROR;
				GCC_WARN_UNDECLARED_SELECTOR = YES;
				GCC_WARN_UNINITIALIZED_AUTOS = YES_AGGRESSIVE;
				GCC_WARN_UNUSED_FUNCTION = YES;
				GCC_WARN_UNUSED_VARIABLE = YES;
				IPHONEOS_DEPLOYMENT_TARGET = 11.4;
				MTL_ENABLE_DEBUG_INFO = NO;
				SDKROOT = iphoneos;
				VALIDATE_PRODUCT = YES;
			};
			name = Release;
		};
		AD8DECDE2267753C00822535 /* Debug */ = {
			isa = XCBuildConfiguration;
			buildSettings = {
				ASSETCATALOG_COMPILER_APPICON_NAME = AppIcon;
				CODE_SIGN_STYLE = Automatic;
				INFOPLIST_FILE = HMAlertView/Info.plist;
				LD_RUNPATH_SEARCH_PATHS = (
					"$(inherited)",
					"@executable_path/Frameworks",
				);
				PRODUCT_BUNDLE_IDENTIFIER = com.www.humiao.HMAlertView;
				PRODUCT_NAME = "$(TARGET_NAME)";
				TARGETED_DEVICE_FAMILY = "1,2";
			};
			name = Debug;
		};
		AD8DECDF2267753C00822535 /* Release */ = {
			isa = XCBuildConfiguration;
			buildSettings = {
				ASSETCATALOG_COMPILER_APPICON_NAME = AppIcon;
				CODE_SIGN_STYLE = Automatic;
				INFOPLIST_FILE = HMAlertView/Info.plist;
				LD_RUNPATH_SEARCH_PATHS = (
					"$(inherited)",
					"@executable_path/Frameworks",
				);
				PRODUCT_BUNDLE_IDENTIFIER = com.www.humiao.HMAlertView;
				PRODUCT_NAME = "$(TARGET_NAME)";
				TARGETED_DEVICE_FAMILY = "1,2";
			};
			name = Release;
		};
		AD8DECE12267753C00822535 /* Debug */ = {
			isa = XCBuildConfiguration;
			buildSettings = {
				BUNDLE_LOADER = "$(TEST_HOST)";
				CODE_SIGN_STYLE = Automatic;
				INFOPLIST_FILE = HMAlertViewTests/Info.plist;
				LD_RUNPATH_SEARCH_PATHS = (
					"$(inherited)",
					"@executable_path/Frameworks",
					"@loader_path/Frameworks",
				);
				PRODUCT_BUNDLE_IDENTIFIER = com.www.humiao.HMAlertViewTests;
				PRODUCT_NAME = "$(TARGET_NAME)";
				TARGETED_DEVICE_FAMILY = "1,2";
				TEST_HOST = "$(BUILT_PRODUCTS_DIR)/HMAlertView.app/HMAlertView";
			};
			name = Debug;
		};
		AD8DECE22267753C00822535 /* Release */ = {
			isa = XCBuildConfiguration;
			buildSettings = {
				BUNDLE_LOADER = "$(TEST_HOST)";
				CODE_SIGN_STYLE = Automatic;
				INFOPLIST_FILE = HMAlertViewTests/Info.plist;
				LD_RUNPATH_SEARCH_PATHS = (
					"$(inherited)",
					"@executable_path/Frameworks",
					"@loader_path/Frameworks",
				);
				PRODUCT_BUNDLE_IDENTIFIER = com.www.humiao.HMAlertViewTests;
				PRODUCT_NAME = "$(TARGET_NAME)";
				TARGETED_DEVICE_FAMILY = "1,2";
				TEST_HOST = "$(BUILT_PRODUCTS_DIR)/HMAlertView.app/HMAlertView";
			};
			name = Release;
		};
		AD8DECE42267753C00822535 /* Debug */ = {
			isa = XCBuildConfiguration;
			buildSettings = {
				CODE_SIGN_STYLE = Automatic;
				INFOPLIST_FILE = HMAlertViewUITests/Info.plist;
				LD_RUNPATH_SEARCH_PATHS = (
					"$(inherited)",
					"@executable_path/Frameworks",
					"@loader_path/Frameworks",
				);
				PRODUCT_BUNDLE_IDENTIFIER = com.www.humiao.HMAlertViewUITests;
				PRODUCT_NAME = "$(TARGET_NAME)";
				TARGETED_DEVICE_FAMILY = "1,2";
				TEST_TARGET_NAME = HMAlertView;
			};
			name = Debug;
		};
		AD8DECE52267753C00822535 /* Release */ = {
			isa = XCBuildConfiguration;
			buildSettings = {
				CODE_SIGN_STYLE = Automatic;
				INFOPLIST_FILE = HMAlertViewUITests/Info.plist;
				LD_RUNPATH_SEARCH_PATHS = (
					"$(inherited)",
					"@executable_path/Frameworks",
					"@loader_path/Frameworks",
				);
				PRODUCT_BUNDLE_IDENTIFIER = com.www.humiao.HMAlertViewUITests;
				PRODUCT_NAME = "$(TARGET_NAME)";
				TARGETED_DEVICE_FAMILY = "1,2";
				TEST_TARGET_NAME = HMAlertView;
			};
			name = Release;
		};
/* End XCBuildConfiguration section */

/* Begin XCConfigurationList section */
		AD8DECAC2267753A00822535 /* Build configuration list for PBXProject "HMAlertView" */ = {
			isa = XCConfigurationList;
			buildConfigurations = (
				AD8DECDB2267753C00822535 /* Debug */,
				AD8DECDC2267753C00822535 /* Release */,
			);
			defaultConfigurationIsVisible = 0;
			defaultConfigurationName = Release;
		};
		AD8DECDD2267753C00822535 /* Build configuration list for PBXNativeTarget "HMAlertView" */ = {
			isa = XCConfigurationList;
			buildConfigurations = (
				AD8DECDE2267753C00822535 /* Debug */,
				AD8DECDF2267753C00822535 /* Release */,
			);
			defaultConfigurationIsVisible = 0;
			defaultConfigurationName = Release;
		};
		AD8DECE02267753C00822535 /* Build configuration list for PBXNativeTarget "HMAlertViewTests" */ = {
			isa = XCConfigurationList;
			buildConfigurations = (
				AD8DECE12267753C00822535 /* Debug */,
				AD8DECE22267753C00822535 /* Release */,
			);
			defaultConfigurationIsVisible = 0;
			defaultConfigurationName = Release;
		};
		AD8DECE32267753C00822535 /* Build configuration list for PBXNativeTarget "HMAlertViewUITests" */ = {
			isa = XCConfigurationList;
			buildConfigurations = (
				AD8DECE42267753C00822535 /* Debug */,
				AD8DECE52267753C00822535 /* Release */,
			);
			defaultConfigurationIsVisible = 0;
			defaultConfigurationName = Release;
		};
/* End XCConfigurationList section */
	};
	rootObject = AD8DECA92267753A00822535 /* Project object */;
}
